<?xml version="1.0" encoding="UTF-8" standalone="yes" ?>
<CodeBlocks_project_file>
	<FileVersion major="1" minor="6" />
	<Project>
		<Option title="libncclient" />
		<Option pch_mode="2" />
		<Option compiler="gcc" />
		<Build>
			<Target title="Debug">
				<Option output="bin/Debug/ncclient" prefix_auto="1" extension_auto="1" />
				<Option working_dir="bin/Debug" />
				<Option object_output="obj/Debug/" />
				<Option type="3" />
				<Option compiler="gcc" />
				<Option createDefFile="1" />
				<Option createStaticLib="1" />
				<Compiler>
					<Add option="-Wall" />
					<Add option="-g" />
				</Compiler>
			</Target>
			<Target title="Release">
				<Option output="bin/Release/ncclient" prefix_auto="1" extension_auto="1" />
				<Option working_dir="bin/Release" />
				<Option object_output="obj/Release/" />
				<Option type="3" />
				<Option compiler="gcc" />
				<Option createDefFile="1" />
				<Option createStaticLib="1" />
				<Compiler>
					<Add option="-O2" />
					<Add option="-g" />
				</Compiler>
				<ExtraCommands>
					<Add after="Release.bat" />
					<Mode after="always" />
				</ExtraCommands>
			</Target>
		</Build>
		<Compiler>
			<Add option="-pg" />
			<Add option="-std=c++17" />
		</Compiler>
		<Linker>
			<Add option="-pg -lgmon" />
			<Add option="-lsfml-system" />
			<Add option="-lws2_32" />
			<Add option="-lboost_system-mt" />
			<Add option="-lmswsock" />
			<Add option="-lboost_filesystem-mt" />
		</Linker>
		<Unit filename="c_all.h" />
		<Unit filename="c_net_client.cpp" />
		<Unit filename="c_net_client.h" />
		<Unit filename="c_server_api.cpp" />
		<Unit filename="c_server_api.h" />
		<Unit filename="c_shared_data.cpp" />
		<Unit filename="c_shared_data.h" />
		<Unit filename="nc_string_interop.hpp" />
		<Unit filename="nc_util.hpp" />
		<Unit filename="socket.hpp" />
		<Extensions>
			<code_completion />
			<envvars />
			<debugger />
			<lib_finder disable_auto="1" />
		</Extensions>
	</Project>
</CodeBlocks_project_file>
